
Microsoft Visual Studio Solution File, Format Version 12.00
# Visual Studio 15
VisualStudioVersion = 15.0.27703.2035
MinimumVisualStudioVersion = 10.0.40219.1
Project("{FAE04EC0-301F-11D3-BF4B-00C04F79EFBC}") = "steam-utility", "steam-utility\steam-utility.csproj", "{79C49CB9-DDA6-4978-9D96-8A294ED7000D}"
EndProject
Global
	GlobalSection(SolutionConfigurationPlatforms) = preSolution
		Debug|Any CPU = Debug|Any CPU
		Release|Any CPU = Release|Any CPU
	EndGlobalSection
	GlobalSection(ProjectConfigurationPlatforms) = postSolution
		{79C49CB9-DDA6-4978-9D96-8A294ED7000D}.Debug|Any CPU.ActiveCfg = Debug|Any CPU
		{79C49CB9-DDA6-4978-9D96-8A294ED7000D}.Debug|Any CPU.Build.0 = Debug|Any CPU
		{79C49CB9-DDA6-4978-9D96-8A294ED7000D}.Release|Any CPU.ActiveCfg = Release|Any CPU
		{79C49CB9-DDA6-4978-9D96-8A294ED7000D}.Release|Any CPU.Build.0 = Release|Any CPU
	EndGlobalSection
	GlobalSection(SolutionProperties) = preSolution
		HideSolutionNode = FALSE
	EndGlobalSection
	GlobalSection(ExtensibilityGlobals) = postSolution
		SolutionGuid = {E1157015-7B1C-4FC9-BE13-543D77EE2114}
	EndGlobalSection
EndGlobal
